
Microsoft Visual Studio Solution File, Format Version 12.00
# Visual Studio 15
VisualStudioVersion = 15.0.28307.902
MinimumVisualStudioVersion = 10.0.40219.1
Project("{FAE04EC0-301F-11D3-BF4B-00C04F79EFBC}") = "LeetCodeCSharp", "LeetCodeCSharp\LeetCodeCSharp.csproj", "{87A854E3-D0BE-48DC-8ADD-4A243A36A1DE}"
EndProject
Project("{FAE04EC0-301F-11D3-BF4B-00C04F79EFBC}") = "146_LRU_Cache", "146_LRU_Cache\146_LRU_Cache.csproj", "{08F6FCA4-42A0-4C96-852C-B30A6B097010}"
EndProject
Project("{FAE04EC0-301F-11D3-BF4B-00C04F79EFBC}") = "287_FindDuplicate", "287FindDuplicate\287_FindDuplicate.csproj", "{2FB90D79-AA19-4E13-B2BA-0D3598E16BA1}"
EndProject
Project("{FAE04EC0-301F-11D3-BF4B-00C04F79EFBC}") = "394_StringCode", "394_stringCode\394_StringCode.csproj", "{8083DA47-CB78-4918-96E8-B31BA233E92F}"
EndProject
Project("{FAE04EC0-301F-11D3-BF4B-00C04F79EFBC}") = "1431_Child", "1431_Child\1431_Child.csproj", "{6120D94F-312A-47BF-A019-C6866AD9A104}"
EndProject
Project("{FAE04EC0-301F-11D3-BF4B-00C04F79EFBC}") = "100_Tree", "100_Tree\100_Tree.csproj", "{46AC2063-89B3-4380-90B6-CA63008F9D48}"
EndProject
Project("{FAE04EC0-301F-11D3-BF4B-00C04F79EFBC}") = "101_Tree", "101_Tree\101_Tree.csproj", "{0F212447-B263-424D-B2D4-EB7C09FBA7D5}"
EndProject
Project("{FAE04EC0-301F-11D3-BF4B-00C04F79EFBC}") = "104_Tree_Deep", "104_Tree_Deep\104_Tree_Deep.csproj", "{8D5B0B1B-69BE-4C03-8E78-145FAF0B14C1}"
EndProject
Project("{FAE04EC0-301F-11D3-BF4B-00C04F79EFBC}") = "107_Tree", "107_Tree\107_Tree.csproj", "{D93BE9A5-EE92-4818-A4F2-9431EFC3B038}"
EndProject
Project("{FAE04EC0-301F-11D3-BF4B-00C04F79EFBC}") = "837_New21", "837_New21\837_New21.csproj", "{5DF9890E-D679-4A47-B885-A27E8C9D67CA}"
EndProject
Project("{FAE04EC0-301F-11D3-BF4B-00C04F79EFBC}") = "238_Multiply", "238_Multiply\238_Multiply.csproj", "{4ABEF09D-2581-4895-A775-EAC3AE8FA0A8}"
EndProject
Project("{FAE04EC0-301F-11D3-BF4B-00C04F79EFBC}") = "108_Tree", "108_Tree\108_Tree.csproj", "{F3B5C9D0-A9F5-4D47-ADFA-E72FD8804463}"
EndProject
Project("{FAE04EC0-301F-11D3-BF4B-00C04F79EFBC}") = "Interview_29", "Interview_29\Interview_29.csproj", "{DAF005B6-15E6-49BF-B5AD-CF82A1D0034F}"
EndProject
Project("{FAE04EC0-301F-11D3-BF4B-00C04F79EFBC}") = "990_Equation", "990_Equation\990_Equation.csproj", "{4B3F2EBC-959A-4D8F-9C22-D4DA8326D31D}"
EndProject
Project("{FAE04EC0-301F-11D3-BF4B-00C04F79EFBC}") = "Interview_46", "Interview_46\Interview_46.csproj", "{E965D973-62BA-467D-BAEF-6B023B947617}"
EndProject
Project("{FAE04EC0-301F-11D3-BF4B-00C04F79EFBC}") = "9_PalindromeNumber", "9_PalindromeNumber\9_PalindromeNumber.csproj", "{D2F584A7-D75F-4D62-BC8A-92A067BC4336}"
EndProject
Project("{FAE04EC0-301F-11D3-BF4B-00C04F79EFBC}") = "14_Longest_Common_Prefix", "14_Longest_Common_Prefix\14_Longest_Common_Prefix.csproj", "{72556426-7EBA-4522-B373-FD409D6B5586}"
EndProject
Project("{FAE04EC0-301F-11D3-BF4B-00C04F79EFBC}") = "297_Tree", "297_Tree\297_Tree.csproj", "{8389D6CA-4123-4578-8A00-2993ABA14571}"
EndProject
Project("{FAE04EC0-301F-11D3-BF4B-00C04F79EFBC}") = "16_3Sum_Closest", "16_3Sum_Closest\16_3Sum_Closest.csproj", "{C17B66CA-03B0-49B8-B1E4-5C3AC2F9BBE2}"
EndProject
Project("{FAE04EC0-301F-11D3-BF4B-00C04F79EFBC}") = "testDelegate", "testDelegate\testDelegate.csproj", "{EA953C25-A0A2-4982-8F24-B75F208C912B}"
EndProject
Project("{FAE04EC0-301F-11D3-BF4B-00C04F79EFBC}") = "testEvent", "testEvent\testEvent.csproj", "{942CF0FA-2B97-4169-8C2A-7016E6076CF8}"
EndProject
Project("{FAE04EC0-301F-11D3-BF4B-00C04F79EFBC}") = "testOverride", "testOverride\testOverride.csproj", "{46EEB120-C957-479B-84CB-7AABCEE0A62D}"
EndProject
Project("{FAE04EC0-301F-11D3-BF4B-00C04F79EFBC}") = "testAsync", "testAsyn\testAsync.csproj", "{6FFAADDE-F053-4E80-B07C-9C6EF0C76DE9}"
EndProject
Project("{FAE04EC0-301F-11D3-BF4B-00C04F79EFBC}") = "371_SumOfTwoIntegers", "371_SumOfTwoIntegers\371_SumOfTwoIntegers.csproj", "{CEA59F05-D3A9-47D8-8090-4B9CE30C6955}"
EndProject
Global
	GlobalSection(SolutionConfigurationPlatforms) = preSolution
		Debug|Any CPU = Debug|Any CPU
		Release|Any CPU = Release|Any CPU
	EndGlobalSection
	GlobalSection(ProjectConfigurationPlatforms) = postSolution
		{87A854E3-D0BE-48DC-8ADD-4A243A36A1DE}.Debug|Any CPU.ActiveCfg = Debug|Any CPU
		{87A854E3-D0BE-48DC-8ADD-4A243A36A1DE}.Debug|Any CPU.Build.0 = Debug|Any CPU
		{87A854E3-D0BE-48DC-8ADD-4A243A36A1DE}.Release|Any CPU.ActiveCfg = Release|Any CPU
		{87A854E3-D0BE-48DC-8ADD-4A243A36A1DE}.Release|Any CPU.Build.0 = Release|Any CPU
		{08F6FCA4-42A0-4C96-852C-B30A6B097010}.Debug|Any CPU.ActiveCfg = Debug|Any CPU
		{08F6FCA4-42A0-4C96-852C-B30A6B097010}.Debug|Any CPU.Build.0 = Debug|Any CPU
		{08F6FCA4-42A0-4C96-852C-B30A6B097010}.Release|Any CPU.ActiveCfg = Release|Any CPU
		{08F6FCA4-42A0-4C96-852C-B30A6B097010}.Release|Any CPU.Build.0 = Release|Any CPU
		{2FB90D79-AA19-4E13-B2BA-0D3598E16BA1}.Debug|Any CPU.ActiveCfg = Debug|Any CPU
		{2FB90D79-AA19-4E13-B2BA-0D3598E16BA1}.Debug|Any CPU.Build.0 = Debug|Any CPU
		{2FB90D79-AA19-4E13-B2BA-0D3598E16BA1}.Release|Any CPU.ActiveCfg = Release|Any CPU
		{2FB90D79-AA19-4E13-B2BA-0D3598E16BA1}.Release|Any CPU.Build.0 = Release|Any CPU
		{8083DA47-CB78-4918-96E8-B31BA233E92F}.Debug|Any CPU.ActiveCfg = Debug|Any CPU
		{8083DA47-CB78-4918-96E8-B31BA233E92F}.Debug|Any CPU.Build.0 = Debug|Any CPU
		{8083DA47-CB78-4918-96E8-B31BA233E92F}.Release|Any CPU.ActiveCfg = Release|Any CPU
		{8083DA47-CB78-4918-96E8-B31BA233E92F}.Release|Any CPU.Build.0 = Release|Any CPU
		{6120D94F-312A-47BF-A019-C6866AD9A104}.Debug|Any CPU.ActiveCfg = Debug|Any CPU
		{6120D94F-312A-47BF-A019-C6866AD9A104}.Debug|Any CPU.Build.0 = Debug|Any CPU
		{6120D94F-312A-47BF-A019-C6866AD9A104}.Release|Any CPU.ActiveCfg = Release|Any CPU
		{6120D94F-312A-47BF-A019-C6866AD9A104}.Release|Any CPU.Build.0 = Release|Any CPU
		{46AC2063-89B3-4380-90B6-CA63008F9D48}.Debug|Any CPU.ActiveCfg = Debug|Any CPU
		{46AC2063-89B3-4380-90B6-CA63008F9D48}.Debug|Any CPU.Build.0 = Debug|Any CPU
		{46AC2063-89B3-4380-90B6-CA63008F9D48}.Release|Any CPU.ActiveCfg = Release|Any CPU
		{46AC2063-89B3-4380-90B6-CA63008F9D48}.Release|Any CPU.Build.0 = Release|Any CPU
		{0F212447-B263-424D-B2D4-EB7C09FBA7D5}.Debug|Any CPU.ActiveCfg = Debug|Any CPU
		{0F212447-B263-424D-B2D4-EB7C09FBA7D5}.Debug|Any CPU.Build.0 = Debug|Any CPU
		{0F212447-B263-424D-B2D4-EB7C09FBA7D5}.Release|Any CPU.ActiveCfg = Release|Any CPU
		{0F212447-B263-424D-B2D4-EB7C09FBA7D5}.Release|Any CPU.Build.0 = Release|Any CPU
		{8D5B0B1B-69BE-4C03-8E78-145FAF0B14C1}.Debug|Any CPU.ActiveCfg = Debug|Any CPU
		{8D5B0B1B-69BE-4C03-8E78-145FAF0B14C1}.Debug|Any CPU.Build.0 = Debug|Any CPU
		{8D5B0B1B-69BE-4C03-8E78-145FAF0B14C1}.Release|Any CPU.ActiveCfg = Release|Any CPU
		{8D5B0B1B-69BE-4C03-8E78-145FAF0B14C1}.Release|Any CPU.Build.0 = Release|Any CPU
		{D93BE9A5-EE92-4818-A4F2-9431EFC3B038}.Debug|Any CPU.ActiveCfg = Debug|Any CPU
		{D93BE9A5-EE92-4818-A4F2-9431EFC3B038}.Debug|Any CPU.Build.0 = Debug|Any CPU
		{D93BE9A5-EE92-4818-A4F2-9431EFC3B038}.Release|Any CPU.ActiveCfg = Release|Any CPU
		{D93BE9A5-EE92-4818-A4F2-9431EFC3B038}.Release|Any CPU.Build.0 = Release|Any CPU
		{5DF9890E-D679-4A47-B885-A27E8C9D67CA}.Debug|Any CPU.ActiveCfg = Debug|Any CPU
		{5DF9890E-D679-4A47-B885-A27E8C9D67CA}.Debug|Any CPU.Build.0 = Debug|Any CPU
		{5DF9890E-D679-4A47-B885-A27E8C9D67CA}.Release|Any CPU.ActiveCfg = Release|Any CPU
		{5DF9890E-D679-4A47-B885-A27E8C9D67CA}.Release|Any CPU.Build.0 = Release|Any CPU
		{4ABEF09D-2581-4895-A775-EAC3AE8FA0A8}.Debug|Any CPU.ActiveCfg = Debug|Any CPU
		{4ABEF09D-2581-4895-A775-EAC3AE8FA0A8}.Debug|Any CPU.Build.0 = Debug|Any CPU
		{4ABEF09D-2581-4895-A775-EAC3AE8FA0A8}.Release|Any CPU.ActiveCfg = Release|Any CPU
		{4ABEF09D-2581-4895-A775-EAC3AE8FA0A8}.Release|Any CPU.Build.0 = Release|Any CPU
		{F3B5C9D0-A9F5-4D47-ADFA-E72FD8804463}.Debug|Any CPU.ActiveCfg = Debug|Any CPU
		{F3B5C9D0-A9F5-4D47-ADFA-E72FD8804463}.Debug|Any CPU.Build.0 = Debug|Any CPU
		{F3B5C9D0-A9F5-4D47-ADFA-E72FD8804463}.Release|Any CPU.ActiveCfg = Release|Any CPU
		{F3B5C9D0-A9F5-4D47-ADFA-E72FD8804463}.Release|Any CPU.Build.0 = Release|Any CPU
		{DAF005B6-15E6-49BF-B5AD-CF82A1D0034F}.Debug|Any CPU.ActiveCfg = Debug|Any CPU
		{DAF005B6-15E6-49BF-B5AD-CF82A1D0034F}.Debug|Any CPU.Build.0 = Debug|Any CPU
		{DAF005B6-15E6-49BF-B5AD-CF82A1D0034F}.Release|Any CPU.ActiveCfg = Release|Any CPU
		{DAF005B6-15E6-49BF-B5AD-CF82A1D0034F}.Release|Any CPU.Build.0 = Release|Any CPU
		{4B3F2EBC-959A-4D8F-9C22-D4DA8326D31D}.Debug|Any CPU.ActiveCfg = Debug|Any CPU
		{4B3F2EBC-959A-4D8F-9C22-D4DA8326D31D}.Debug|Any CPU.Build.0 = Debug|Any CPU
		{4B3F2EBC-959A-4D8F-9C22-D4DA8326D31D}.Release|Any CPU.ActiveCfg = Release|Any CPU
		{4B3F2EBC-959A-4D8F-9C22-D4DA8326D31D}.Release|Any CPU.Build.0 = Release|Any CPU
		{E965D973-62BA-467D-BAEF-6B023B947617}.Debug|Any CPU.ActiveCfg = Debug|Any CPU
		{E965D973-62BA-467D-BAEF-6B023B947617}.Debug|Any CPU.Build.0 = Debug|Any CPU
		{E965D973-62BA-467D-BAEF-6B023B947617}.Release|Any CPU.ActiveCfg = Release|Any CPU
		{E965D973-62BA-467D-BAEF-6B023B947617}.Release|Any CPU.Build.0 = Release|Any CPU
		{D2F584A7-D75F-4D62-BC8A-92A067BC4336}.Debug|Any CPU.ActiveCfg = Debug|Any CPU
		{D2F584A7-D75F-4D62-BC8A-92A067BC4336}.Debug|Any CPU.Build.0 = Debug|Any CPU
		{D2F584A7-D75F-4D62-BC8A-92A067BC4336}.Release|Any CPU.ActiveCfg = Release|Any CPU
		{D2F584A7-D75F-4D62-BC8A-92A067BC4336}.Release|Any CPU.Build.0 = Release|Any CPU
		{72556426-7EBA-4522-B373-FD409D6B5586}.Debug|Any CPU.ActiveCfg = Debug|Any CPU
		{72556426-7EBA-4522-B373-FD409D6B5586}.Debug|Any CPU.Build.0 = Debug|Any CPU
		{72556426-7EBA-4522-B373-FD409D6B5586}.Release|Any CPU.ActiveCfg = Release|Any CPU
		{72556426-7EBA-4522-B373-FD409D6B5586}.Release|Any CPU.Build.0 = Release|Any CPU
		{8389D6CA-4123-4578-8A00-2993ABA14571}.Debug|Any CPU.ActiveCfg = Debug|Any CPU
		{8389D6CA-4123-4578-8A00-2993ABA14571}.Debug|Any CPU.Build.0 = Debug|Any CPU
		{8389D6CA-4123-4578-8A00-2993ABA14571}.Release|Any CPU.ActiveCfg = Release|Any CPU
		{8389D6CA-4123-4578-8A00-2993ABA14571}.Release|Any CPU.Build.0 = Release|Any CPU
		{C17B66CA-03B0-49B8-B1E4-5C3AC2F9BBE2}.Debug|Any CPU.ActiveCfg = Debug|Any CPU
		{C17B66CA-03B0-49B8-B1E4-5C3AC2F9BBE2}.Debug|Any CPU.Build.0 = Debug|Any CPU
		{C17B66CA-03B0-49B8-B1E4-5C3AC2F9BBE2}.Release|Any CPU.ActiveCfg = Release|Any CPU
		{C17B66CA-03B0-49B8-B1E4-5C3AC2F9BBE2}.Release|Any CPU.Build.0 = Release|Any CPU
		{EA953C25-A0A2-4982-8F24-B75F208C912B}.Debug|Any CPU.ActiveCfg = Debug|Any CPU
		{EA953C25-A0A2-4982-8F24-B75F208C912B}.Debug|Any CPU.Build.0 = Debug|Any CPU
		{EA953C25-A0A2-4982-8F24-B75F208C912B}.Release|Any CPU.ActiveCfg = Release|Any CPU
		{EA953C25-A0A2-4982-8F24-B75F208C912B}.Release|Any CPU.Build.0 = Release|Any CPU
		{942CF0FA-2B97-4169-8C2A-7016E6076CF8}.Debug|Any CPU.ActiveCfg = Debug|Any CPU
		{942CF0FA-2B97-4169-8C2A-7016E6076CF8}.Debug|Any CPU.Build.0 = Debug|Any CPU
		{942CF0FA-2B97-4169-8C2A-7016E6076CF8}.Release|Any CPU.ActiveCfg = Release|Any CPU
		{942CF0FA-2B97-4169-8C2A-7016E6076CF8}.Release|Any CPU.Build.0 = Release|Any CPU
		{46EEB120-C957-479B-84CB-7AABCEE0A62D}.Debug|Any CPU.ActiveCfg = Debug|Any CPU
		{46EEB120-C957-479B-84CB-7AABCEE0A62D}.Debug|Any CPU.Build.0 = Debug|Any CPU
		{46EEB120-C957-479B-84CB-7AABCEE0A62D}.Release|Any CPU.ActiveCfg = Release|Any CPU
		{46EEB120-C957-479B-84CB-7AABCEE0A62D}.Release|Any CPU.Build.0 = Release|Any CPU
		{6FFAADDE-F053-4E80-B07C-9C6EF0C76DE9}.Debug|Any CPU.ActiveCfg = Debug|Any CPU
		{6FFAADDE-F053-4E80-B07C-9C6EF0C76DE9}.Debug|Any CPU.Build.0 = Debug|Any CPU
		{6FFAADDE-F053-4E80-B07C-9C6EF0C76DE9}.Release|Any CPU.ActiveCfg = Release|Any CPU
		{6FFAADDE-F053-4E80-B07C-9C6EF0C76DE9}.Release|Any CPU.Build.0 = Release|Any CPU
		{CEA59F05-D3A9-47D8-8090-4B9CE30C6955}.Debug|Any CPU.ActiveCfg = Debug|Any CPU
		{CEA59F05-D3A9-47D8-8090-4B9CE30C6955}.Debug|Any CPU.Build.0 = Debug|Any CPU
		{CEA59F05-D3A9-47D8-8090-4B9CE30C6955}.Release|Any CPU.ActiveCfg = Release|Any CPU
		{CEA59F05-D3A9-47D8-8090-4B9CE30C6955}.Release|Any CPU.Build.0 = Release|Any CPU
	EndGlobalSection
	GlobalSection(SolutionProperties) = preSolution
		HideSolutionNode = FALSE
	EndGlobalSection
	GlobalSection(ExtensibilityGlobals) = postSolution
		SolutionGuid = {4B5F0D60-5B21-4F28-936A-4F0050CE522A}
	EndGlobalSection
EndGlobal
